{
  "lockfileVersion": 1,
  "configVersion": 0,
  "workspaces": {
    "": {
      "name": "job-hunt",
      "dependencies": {
        "dotenv": "^17.3.1",
        "nodemailer": "^6.9.8",
      },
      "devDependencies": {
        "@types/node": "^25.5.0",
        "@types/nodemailer": "^6.4.17",
      },
    },
  },
  "packages": {
    "@types/node": ["@types/node@25.5.0", "", { "dependencies": { "undici-types": "~7.18.0" } }, "sha512-jp2P3tQMSxWugkCUKLRPVUpGaL5MVFwF8RDuSRztfwgN1wmqJeMSbKlnEtQqU8UrhTmzEmZdu2I6v2dpp7XIxw=="],

    "@types/nodemailer": ["@types/nodemailer@6.4.23", "", { "dependencies": { "@types/node": "*" } }, ""],

    "dotenv": ["dotenv@17.3.1", "", {}, ""],

    "nodemailer": ["nodemailer@6.10.1", "", {}, ""],

    "undici-types": ["undici-types@7.18.2", "", {}, "sha512-AsuCzffGHJybSaRrmr5eHr81mwJU3kjw6M+uprWvCXiNeN9SOGwQ3Jn8jb8m3Z6izVgknn1R0FTCEAP2QrLY/w=="],

    "@types/nodemailer/@types/node": ["@types/node@file:node_modules/@types/node", {}],
  }
}