{
  "name": "job-ai",
  "version": "1.0.0",
  "lockfileVersion": 3,
  "requires": true,
  "packages": {
    "": {
      "name": "job-ai",
      "version": "1.0.0",
      "dependencies": {
        "dotenv": "^17.3.1",
        "nodemailer": "^6.9.8"
      },
      "devDependencies": {
        "@types/nodemailer": "^6.4.17"
      }
    },
    "node_modules/@types/node": {
      "dev": true
    },
    "node_modules/@types/nodemailer": {
      "version": "6.4.23",
      "dev": true,
      "license": "MIT",
      "dependencies": {
        "@types/node": "*"
      }
    },
    "node_modules/dotenv": {
      "version": "17.3.1",
      "license": "BSD-2-Clause",
      "engines": {
        "node": ">=12"
      },
      "funding": {
        "url": "https://dotenvx.com"
      }
    },
    "node_modules/nodemailer": {
      "version": "6.10.1",
      "license": "MIT-0",
      "engines": {
        "node": ">=6.0.0"
      }
    }
  }
}
